
Microsoft Visual Studio Solution File, Format Version 12.00
# Visual Studio Version 16
VisualStudioVersion = 16.0.30907.101
MinimumVisualStudioVersion = 10.0.40219.1
Project("{9A19103F-16F7-4668-BE54-9A1E7A4F7556}") = "AspNetWebApi", "AspNetWebApi\AspNetWebApi.csproj", "{6AD0DCCB-5915-4EB8-9F0B-817769159911}"
EndProject
Project("{FAE04EC0-301F-11D3-BF4B-00C04F79EFBC}") = "WF-ConsumindoAPI", "WF-ConsumindoAPI\WF-ConsumindoAPI.csproj", "{969DC3DD-6E6E-4D06-9126-EDBDEAF10EC8}"
EndProject
Global
	GlobalSection(SolutionConfigurationPlatforms) = preSolution
		Debug|Any CPU = Debug|Any CPU
		Release|Any CPU = Release|Any CPU
	EndGlobalSection
	GlobalSection(ProjectConfigurationPlatforms) = postSolution
		{6AD0DCCB-5915-4EB8-9F0B-817769159911}.Debug|Any CPU.ActiveCfg = Debug|Any CPU
		{6AD0DCCB-5915-4EB8-9F0B-817769159911}.Debug|Any CPU.Build.0 = Debug|Any CPU
		{6AD0DCCB-5915-4EB8-9F0B-817769159911}.Release|Any CPU.ActiveCfg = Release|Any CPU
		{6AD0DCCB-5915-4EB8-9F0B-817769159911}.Release|Any CPU.Build.0 = Release|Any CPU
		{969DC3DD-6E6E-4D06-9126-EDBDEAF10EC8}.Debug|Any CPU.ActiveCfg = Debug|Any CPU
		{969DC3DD-6E6E-4D06-9126-EDBDEAF10EC8}.Debug|Any CPU.Build.0 = Debug|Any CPU
		{969DC3DD-6E6E-4D06-9126-EDBDEAF10EC8}.Release|Any CPU.ActiveCfg = Release|Any CPU
		{969DC3DD-6E6E-4D06-9126-EDBDEAF10EC8}.Release|Any CPU.Build.0 = Release|Any CPU
	EndGlobalSection
	GlobalSection(SolutionProperties) = preSolution
		HideSolutionNode = FALSE
	EndGlobalSection
	GlobalSection(ExtensibilityGlobals) = postSolution
		SolutionGuid = {49CD7F43-2FE7-4DAE-BDE5-38CB4AA35061}
	EndGlobalSection
EndGlobal
